// !$*UTF8*$!
{
	archiveVersion = 1;
	classes = {
	};
	objectVersion = 46;
	objects = {

/* Begin PBXBuildFile section */
		A75917D71EB7D72200BA8440 /* AppDelegate.swift in Sources */ = {isa = PBXBuildFile; fileRef = A75917D61EB7D72200BA8440 /* AppDelegate.swift */; };
		A75917D91EB7D72200BA8440 /* ViewController.swift in Sources */ = {isa = PBXBuildFile; fileRef = A75917D81EB7D72200BA8440 /* ViewController.swift */; };
		A75917DC1EB7D72200BA8440 /* Main.storyboard in Resources */ = {isa = PBXBuildFile; fileRef = A75917DA1EB7D72200BA8440 /* Main.storyboard */; };
		A75917DE1EB7D72200BA8440 /* Assets.xcassets in Resources */ = {isa = PBXBuildFile; fileRef = A75917DD1EB7D72200BA8440 /* Assets.xcassets */; };
		A75917E11EB7D72200BA8440 /* LaunchScreen.storyboard in Resources */ = {isa = PBXBuildFile; fileRef = A75917DF1EB7D72200BA8440 /* LaunchScreen.storyboard */; };
		A75917F71EB7D7BC00BA8440 /* Yaaid.swift in Sources */ = {isa = PBXBuildFile; fileRef = A75917F61EB7D7BC00BA8440 /* Yaaid.swift */; };
		A75917F91EB7D7CE00BA8440 /* FastCache.swift in Sources */ = {isa = PBXBuildFile; fileRef = A75917F81EB7D7CE00BA8440 /* FastCache.swift */; };
		A75917FB1EB7D7E700BA8440 /* FastCacheTest.swift in Sources */ = {isa = PBXBuildFile; fileRef = A75917FA1EB7D7E700BA8440 /* FastCacheTest.swift */; };
/* End PBXBuildFile section */

/* Begin PBXContainerItemProxy section */
		A75917E81EB7D72200BA8440 /* PBXContainerItemProxy */ = {
			isa = PBXContainerItemProxy;
			containerPortal = A75917CB1EB7D72200BA8440 /* Project object */;
			proxyType = 1;
			remoteGlobalIDString = A75917D21EB7D72200BA8440;
			remoteInfo = YAAID;
		};
/* End PBXContainerItemProxy section */

/* Begin PBXFileReference section */
		A75917D31EB7D72200BA8440 /* YAAID.app */ = {isa = PBXFileReference; explicitFileType = wrapper.application; includeInIndex = 0; path = YAAID.app; sourceTree = BUILT_PRODUCTS_DIR; };
		A75917D61EB7D72200BA8440 /* AppDelegate.swift */ = {isa = PBXFileReference; lastKnownFileType = sourcecode.swift; path = AppDelegate.swift; sourceTree = "<group>"; };
		A75917D81EB7D72200BA8440 /* ViewController.swift */ = {isa = PBXFileReference; lastKnownFileType = sourcecode.swift; path = ViewController.swift; sourceTree = "<group>"; };
		A75917DB1EB7D72200BA8440 /* Base */ = {isa = PBXFileReference; lastKnownFileType = file.storyboard; name = Base; path = Base.lproj/Main.storyboard; sourceTree = "<group>"; };
		A75917DD1EB7D72200BA8440 /* Assets.xcassets */ = {isa = PBXFileReference; lastKnownFileType = folder.assetcatalog; path = Assets.xcassets; sourceTree = "<group>"; };
		A75917E01EB7D72200BA8440 /* Base */ = {isa = PBXFileReference; lastKnownFileType = file.storyboard; name = Base; path = Base.lproj/LaunchScreen.storyboard; sourceTree = "<group>"; };
		A75917E21EB7D72200BA8440 /* Info.plist */ = {isa = PBXFileReference; lastKnownFileType = text.plist.xml; path = Info.plist; sourceTree = "<group>"; };
		A75917E71EB7D72200BA8440 /* YAAIDTests.xctest */ = {isa = PBXFileReference; explicitFileType = wrapper.cfbundle; includeInIndex = 0; path = YAAIDTests.xctest; sourceTree = BUILT_PRODUCTS_DIR; };
		A75917ED1EB7D72200BA8440 /* Info.plist */ = {isa = PBXFileReference; lastKnownFileType = text.plist.xml; path = Info.plist; sourceTree = "<group>"; };
		A75917F61EB7D7BC00BA8440 /* Yaaid.swift */ = {isa = PBXFileReference; fileEncoding = 4; lastKnownFileType = sourcecode.swift; path = Yaaid.swift; sourceTree = "<group>"; };
		A75917F81EB7D7CE00BA8440 /* FastCache.swift */ = {isa = PBXFileReference; fileEncoding = 4; lastKnownFileType = sourcecode.swift; path = FastCache.swift; sourceTree = "<group>"; };
		A75917FA1EB7D7E700BA8440 /* FastCacheTest.swift */ = {isa = PBXFileReference; fileEncoding = 4; lastKnownFileType = sourcecode.swift; path = FastCacheTest.swift; sourceTree = "<group>"; };
/* End PBXFileReference section */

/* Begin PBXFrameworksBuildPhase section */
		A75917D01EB7D72200BA8440 /* Frameworks */ = {
			isa = PBXFrameworksBuildPhase;
			buildActionMask = 2147483647;
			files = (
			);
			runOnlyForDeploymentPostprocessing = 0;
		};
		A75917E41EB7D72200BA8440 /* Frameworks */ = {
			isa = PBXFrameworksBuildPhase;
			buildActionMask = 2147483647;
			files = (
			);
			runOnlyForDeploymentPostprocessing = 0;
		};
/* End PBXFrameworksBuildPhase section */

/* Begin PBXGroup section */
		A75917CA1EB7D72200BA8440 = {
			isa = PBXGroup;
			children = (
				A75917D51EB7D72200BA8440 /* YAAID */,
				A75917EA1EB7D72200BA8440 /* YAAIDTests */,
				A75917D41EB7D72200BA8440 /* Products */,
			);
			sourceTree = "<group>";
		};
		A75917D41EB7D72200BA8440 /* Products */ = {
			isa = PBXGroup;
			children = (
				A75917D31EB7D72200BA8440 /* YAAID.app */,
				A75917E71EB7D72200BA8440 /* YAAIDTests.xctest */,
			);
			name = Products;
			sourceTree = "<group>";
		};
		A75917D51EB7D72200BA8440 /* YAAID */ = {
			isa = PBXGroup;
			children = (
				A75917D61EB7D72200BA8440 /* AppDelegate.swift */,
				A75917D81EB7D72200BA8440 /* ViewController.swift */,
				A75917DA1EB7D72200BA8440 /* Main.storyboard */,
				A75917DD1EB7D72200BA8440 /* Assets.xcassets */,
				A75917DF1EB7D72200BA8440 /* LaunchScreen.storyboard */,
				A75917E21EB7D72200BA8440 /* Info.plist */,
				A75917F81EB7D7CE00BA8440 /* FastCache.swift */,
				A75917F61EB7D7BC00BA8440 /* Yaaid.swift */,
			);
			path = YAAID;
			sourceTree = "<group>";
		};
		A75917EA1EB7D72200BA8440 /* YAAIDTests */ = {
			isa = PBXGroup;
			children = (
				A75917FA1EB7D7E700BA8440 /* FastCacheTest.swift */,
				A75917ED1EB7D72200BA8440 /* Info.plist */,
			);
			path = YAAIDTests;
			sourceTree = "<group>";
		};
/* End PBXGroup section */

/* Begin PBXNativeTarget section */
		A75917D21EB7D72200BA8440 /* YAAID */ = {
			isa = PBXNativeTarget;
			buildConfigurationList = A75917F01EB7D72200BA8440 /* Build configuration list for PBXNativeTarget "YAAID" */;
			buildPhases = (
				A75917CF1EB7D72200BA8440 /* Sources */,
				A75917D01EB7D72200BA8440 /* Frameworks */,
				A75917D11EB7D72200BA8440 /* Resources */,
			);
			buildRules = (
			);
			dependencies = (
			);
			name = YAAID;
			productName = YAAID;
			productReference = A75917D31EB7D72200BA8440 /* YAAID.app */;
			productType = "com.apple.product-type.application";
		};
		A75917E61EB7D72200BA8440 /* YAAIDTests */ = {
			isa = PBXNativeTarget;
			buildConfigurationList = A75917F31EB7D72200BA8440 /* Build configuration list for PBXNativeTarget "YAAIDTests" */;
			buildPhases = (
				A75917E31EB7D72200BA8440 /* Sources */,
				A75917E41EB7D72200BA8440 /* Frameworks */,
				A75917E51EB7D72200BA8440 /* Resources */,
			);
			buildRules = (
			);
			dependencies = (
				A75917E91EB7D72200BA8440 /* PBXTargetDependency */,
			);
			name = YAAIDTests;
			productName = YAAIDTests;
			productReference = A75917E71EB7D72200BA8440 /* YAAIDTests.xctest */;
			productType = "com.apple.product-type.bundle.unit-test";
		};
/* End PBXNativeTarget section */

/* Begin PBXProject section */
		A75917CB1EB7D72200BA8440 /* Project object */ = {
			isa = PBXProject;
			attributes = {
				LastSwiftUpdateCheck = 0820;
				LastUpgradeCheck = 0820;
				ORGANIZATIONNAME = "Dario Pizzuto";
				TargetAttributes = {
					A75917D21EB7D72200BA8440 = {
						CreatedOnToolsVersion = 8.2.1;
						ProvisioningStyle = Automatic;
					};
					A75917E61EB7D72200BA8440 = {
						CreatedOnToolsVersion = 8.2.1;
						ProvisioningStyle = Automatic;
						TestTargetID = A75917D21EB7D72200BA8440;
					};
				};
			};
			buildConfigurationList = A75917CE1EB7D72200BA8440 /* Build configuration list for PBXProject "YAAID" */;
			compatibilityVersion = "Xcode 3.2";
			developmentRegion = English;
			hasScannedForEncodings = 0;
			knownRegions = (
				en,
				Base,
			);
			mainGroup = A75917CA1EB7D72200BA8440;
			productRefGroup = A75917D41EB7D72200BA8440 /* Products */;
			projectDirPath = "";
			projectRoot = "";
			targets = (
				A75917D21EB7D72200BA8440 /* YAAID */,
				A75917E61EB7D72200BA8440 /* YAAIDTests */,
			);
		};
/* End PBXProject section */

/* Begin PBXResourcesBuildPhase section */
		A75917D11EB7D72200BA8440 /* Resources */ = {
			isa = PBXResourcesBuildPhase;
			buildActionMask = 2147483647;
			files = (
				A75917E11EB7D72200BA8440 /* LaunchScreen.storyboard in Resources */,
				A75917DE1EB7D72200BA8440 /* Assets.xcassets in Resources */,
				A75917DC1EB7D72200BA8440 /* Main.storyboard in Resources */,
			);
			runOnlyForDeploymentPostprocessing = 0;
		};
		A75917E51EB7D72200BA8440 /* Resources */ = {
			isa = PBXResourcesBuildPhase;
			buildActionMask = 2147483647;
			files = (
			);
			runOnlyForDeploymentPostprocessing = 0;
		};
/* End PBXResourcesBuildPhase section */

/* Begin PBXSourcesBuildPhase section */
		A75917CF1EB7D72200BA8440 /* Sources */ = {
			isa = PBXSourcesBuildPhase;
			buildActionMask = 2147483647;
			files = (
				A75917F91EB7D7CE00BA8440 /* FastCache.swift in Sources */,
				A75917D91EB7D72200BA8440 /* ViewController.swift in Sources */,
				A75917D71EB7D72200BA8440 /* AppDelegate.swift in Sources */,
				A75917F71EB7D7BC00BA8440 /* Yaaid.swift in Sources */,
			);
			runOnlyForDeploymentPostprocessing = 0;
		};
		A75917E31EB7D72200BA8440 /* Sources */ = {
			isa = PBXSourcesBuildPhase;
			buildActionMask = 2147483647;
			files = (
				A75917FB1EB7D7E700BA8440 /* FastCacheTest.swift in Sources */,
			);
			runOnlyForDeploymentPostprocessing = 0;
		};
/* End PBXSourcesBuildPhase section */

/* Begin PBXTargetDependency section */
		A75917E91EB7D72200BA8440 /* PBXTargetDependency */ = {
			isa = PBXTargetDependency;
			target = A75917D21EB7D72200BA8440 /* YAAID */;
			targetProxy = A75917E81EB7D72200BA8440 /* PBXContainerItemProxy */;
		};
/* End PBXTargetDependency section */

/* Begin PBXVariantGroup section */
		A75917DA1EB7D72200BA8440 /* Main.storyboard */ = {
			isa = PBXVariantGroup;
			children = (
				A75917DB1EB7D72200BA8440 /* Base */,
			);
			name = Main.storyboard;
			sourceTree = "<group>";
		};
		A75917DF1EB7D72200BA8440 /* LaunchScreen.storyboard */ = {
			isa = PBXVariantGroup;
			children = (
				A75917E01EB7D72200BA8440 /* Base */,
			);
			name = LaunchScreen.storyboard;
			sourceTree = "<group>";
		};
/* End PBXVariantGroup section */

/* Begin XCBuildConfiguration section */
		A75917EE1EB7D72200BA8440 /* Debug */ = {
			isa = XCBuildConfiguration;
			buildSettings = {
				ALWAYS_SEARCH_USER_PATHS = NO;
				CLANG_ANALYZER_NONNULL = YES;
				CLANG_CXX_LANGUAGE_STANDARD = "gnu++0x";
				CLANG_CXX_LIBRARY = "libc++";
				CLANG_ENABLE_MODULES = YES;
				CLANG_ENABLE_OBJC_ARC = YES;
				CLANG_WARN_BOOL_CONVERSION = YES;
				CLANG_WARN_CONSTANT_CONVERSION = YES;
				CLANG_WARN_DIRECT_OBJC_ISA_USAGE = YES_ERROR;
				CLANG_WARN_DOCUMENTATION_COMMENTS = YES;
				CLANG_WARN_EMPTY_BODY = YES;
				CLANG_WARN_ENUM_CONVERSION = YES;
				CLANG_WARN_INFINITE_RECURSION = YES;
				CLANG_WARN_INT_CONVERSION = YES;
				CLANG_WARN_OBJC_ROOT_CLASS = YES_ERROR;
				CLANG_WARN_SUSPICIOUS_MOVE = YES;
				CLANG_WARN_UNREACHABLE_CODE = YES;
				CLANG_WARN__DUPLICATE_METHOD_MATCH = YES;
				"CODE_SIGN_IDENTITY[sdk=iphoneos*]" = "iPhone Developer";
				COPY_PHASE_STRIP = NO;
				DEBUG_INFORMATION_FORMAT = dwarf;
				ENABLE_STRICT_OBJC_MSGSEND = YES;
				ENABLE_TESTABILITY = YES;
				GCC_C_LANGUAGE_STANDARD = gnu99;
				GCC_DYNAMIC_NO_PIC = NO;
				GCC_NO_COMMON_BLOCKS = YES;
				GCC_OPTIMIZATION_LEVEL = 0;
				GCC_PREPROCESSOR_DEFINITIONS = (
					"DEBUG=1",
					"$(inherited)",
				);
				GCC_WARN_64_TO_32_BIT_CONVERSION = YES;
				GCC_WARN_ABOUT_RETURN_TYPE = YES_ERROR;
				GCC_WARN_UNDECLARED_SELECTOR = YES;
				GCC_WARN_UNINITIALIZED_AUTOS = YES_AGGRESSIVE;
				GCC_WARN_UNUSED_FUNCTION = YES;
				GCC_WARN_UNUSED_VARIABLE = YES;
				IPHONEOS_DEPLOYMENT_TARGET = 10.2;
				MTL_ENABLE_DEBUG_INFO = YES;
				ONLY_ACTIVE_ARCH = YES;
				SDKROOT = iphoneos;
				SWIFT_ACTIVE_COMPILATION_CONDITIONS = DEBUG;
				SWIFT_OPTIMIZATION_LEVEL = "-Onone";
				TARGETED_DEVICE_FAMILY = "1,2";
			};
			name = Debug;
		};
		A75917EF1EB7D72200BA8440 /* Release */ = {
			isa = XCBuildConfiguration;
			buildSettings = {
				ALWAYS_SEARCH_USER_PATHS = NO;
				CLANG_ANALYZER_NONNULL = YES;
				CLANG_CXX_LANGUAGE_STANDARD = "gnu++0x";
				CLANG_CXX_LIBRARY = "libc++";
				CLANG_ENABLE_MODULES = YES;
				CLANG_ENABLE_OBJC_ARC = YES;
				CLANG_WARN_BOOL_CONVERSION = YES;
				CLANG_WARN_CONSTANT_CONVERSION = YES;
				CLANG_WARN_DIRECT_OBJC_ISA_USAGE = YES_ERROR;
				CLANG_WARN_DOCUMENTATION_COMMENTS = YES;
				CLANG_WARN_EMPTY_BODY = YES;
				CLANG_WARN_ENUM_CONVERSION = YES;
				CLANG_WARN_INFINITE_RECURSION = YES;
				CLANG_WARN_INT_CONVERSION = YES;
				CLANG_WARN_OBJC_ROOT_CLASS = YES_ERROR;
				CLANG_WARN_SUSPICIOUS_MOVE = YES;
				CLANG_WARN_UNREACHABLE_CODE = YES;
				CLANG_WARN__DUPLICATE_METHOD_MATCH = YES;
				"CODE_SIGN_IDENTITY[sdk=iphoneos*]" = "iPhone Developer";
				COPY_PHASE_STRIP = NO;
				DEBUG_INFORMATION_FORMAT = "dwarf-with-dsym";
				ENABLE_NS_ASSERTIONS = NO;
				ENABLE_STRICT_OBJC_MSGSEND = YES;
				GCC_C_LANGUAGE_STANDARD = gnu99;
				GCC_NO_COMMON_BLOCKS = YES;
				GCC_WARN_64_TO_32_BIT_CONVERSION = YES;
				GCC_WARN_ABOUT_RETURN_TYPE = YES_ERROR;
				GCC_WARN_UNDECLARED_SELECTOR = YES;
				GCC_WARN_UNINITIALIZED_AUTOS = YES_AGGRESSIVE;
				GCC_WARN_UNUSED_FUNCTION = YES;
				GCC_WARN_UNUSED_VARIABLE = YES;
				IPHONEOS_DEPLOYMENT_TARGET = 10.2;
				MTL_ENABLE_DEBUG_INFO = NO;
				SDKROOT = iphoneos;
				SWIFT_OPTIMIZATION_LEVEL = "-Owholemodule";
				TARGETED_DEVICE_FAMILY = "1,2";
				VALIDATE_PRODUCT = YES;
			};
			name = Release;
		};
		A75917F11EB7D72200BA8440 /* Debug */ = {
			isa = XCBuildConfiguration;
			buildSettings = {
				ASSETCATALOG_COMPILER_APPICON_NAME = AppIcon;
				INFOPLIST_FILE = YAAID/Info.plist;
				LD_RUNPATH_SEARCH_PATHS = "$(inherited) @executable_path/Frameworks";
				PRODUCT_BUNDLE_IDENTIFIER = dp.YAAID;
				PRODUCT_NAME = "$(TARGET_NAME)";
				SWIFT_VERSION = 3.0;
			};
			name = Debug;
		};
		A75917F21EB7D72200BA8440 /* Release */ = {
			isa = XCBuildConfiguration;
			buildSettings = {
				ASSETCATALOG_COMPILER_APPICON_NAME = AppIcon;
				INFOPLIST_FILE = YAAID/Info.plist;
				LD_RUNPATH_SEARCH_PATHS = "$(inherited) @executable_path/Frameworks";
				PRODUCT_BUNDLE_IDENTIFIER = dp.YAAID;
				PRODUCT_NAME = "$(TARGET_NAME)";
				SWIFT_VERSION = 3.0;
			};
			name = Release;
		};
		A75917F41EB7D72200BA8440 /* Debug */ = {
			isa = XCBuildConfiguration;
			buildSettings = {
				ALWAYS_EMBED_SWIFT_STANDARD_LIBRARIES = YES;
				BUNDLE_LOADER = "$(TEST_HOST)";
				INFOPLIST_FILE = YAAIDTests/Info.plist;
				LD_RUNPATH_SEARCH_PATHS = "$(inherited) @executable_path/Frameworks @loader_path/Frameworks";
				PRODUCT_BUNDLE_IDENTIFIER = dp.YAAIDTests;
				PRODUCT_NAME = "$(TARGET_NAME)";
				SWIFT_VERSION = 3.0;
				TEST_HOST = "$(BUILT_PRODUCTS_DIR)/YAAID.app/YAAID";
			};
			name = Debug;
		};
		A75917F51EB7D72200BA8440 /* Release */ = {
			isa = XCBuildConfiguration;
			buildSettings = {
				ALWAYS_EMBED_SWIFT_STANDARD_LIBRARIES = YES;
				BUNDLE_LOADER = "$(TEST_HOST)";
				INFOPLIST_FILE = YAAIDTests/Info.plist;
				LD_RUNPATH_SEARCH_PATHS = "$(inherited) @executable_path/Frameworks @loader_path/Frameworks";
				PRODUCT_BUNDLE_IDENTIFIER = dp.YAAIDTests;
				PRODUCT_NAME = "$(TARGET_NAME)";
				SWIFT_VERSION = 3.0;
				TEST_HOST = "$(BUILT_PRODUCTS_DIR)/YAAID.app/YAAID";
			};
			name = Release;
		};
/* End XCBuildConfiguration section */

/* Begin XCConfigurationList section */
		A75917CE1EB7D72200BA8440 /* Build configuration list for PBXProject "YAAID" */ = {
			isa = XCConfigurationList;
			buildConfigurations = (
				A75917EE1EB7D72200BA8440 /* Debug */,
				A75917EF1EB7D72200BA8440 /* Release */,
			);
			defaultConfigurationIsVisible = 0;
			defaultConfigurationName = Release;
		};
		A75917F01EB7D72200BA8440 /* Build configuration list for PBXNativeTarget "YAAID" */ = {
			isa = XCConfigurationList;
			buildConfigurations = (
				A75917F11EB7D72200BA8440 /* Debug */,
				A75917F21EB7D72200BA8440 /* Release */,
			);
			defaultConfigurationIsVisible = 0;
		};
		A75917F31EB7D72200BA8440 /* Build configuration list for PBXNativeTarget "YAAIDTests" */ = {
			isa = XCConfigurationList;
			buildConfigurations = (
				A75917F41EB7D72200BA8440 /* Debug */,
				A75917F51EB7D72200BA8440 /* Release */,
			);
			defaultConfigurationIsVisible = 0;
		};
/* End XCConfigurationList section */
	};
	rootObject = A75917CB1EB7D72200BA8440 /* Project object */;
}
